Microsoft Visual Studio Solution File, Format Version 12.00
# Visual Studio Version 17
VisualStudioVersion = 17.5.2.0
MinimumVisualStudioVersion = 10.0.40219.1
Project("{FAE04EC0-301F-11D3-BF4B-00C04F79EFBC}") = "FantasyDomainManager", "FantasyDomainManager.csproj", "{6FC2B0F9-6701-16D2-14B7-56D7EEFC9C01}"
EndProject
Global
	GlobalSection(SolutionConfigurationPlatforms) = preSolution
		Debug|Any CPU = Debug|Any CPU
		Release|Any CPU = Release|Any CPU
	EndGlobalSection
	GlobalSection(ProjectConfigurationPlatforms) = postSolution
		{6FC2B0F9-6701-16D2-14B7-56D7EEFC9C01}.Debug|Any CPU.ActiveCfg = Debug|Any CPU
		{6FC2B0F9-6701-16D2-14B7-56D7EEFC9C01}.Debug|Any CPU.Build.0 = Debug|Any CPU
		{6FC2B0F9-6701-16D2-14B7-56D7EEFC9C01}.Release|Any CPU.ActiveCfg = Release|Any CPU
		{6FC2B0F9-6701-16D2-14B7-56D7EEFC9C01}.Release|Any CPU.Build.0 = Release|Any CPU
	EndGlobalSection
	GlobalSection(SolutionProperties) = preSolution
		HideSolutionNode = FALSE
	EndGlobalSection
	GlobalSection(ExtensibilityGlobals) = postSolution
		SolutionGuid = {3EE42479-FACF-49BE-BFBA-7A493E225972}
	EndGlobalSection
EndGlobal
