
Microsoft Visual Studio Solution File, Format Version 12.00
# Visual Studio Version 17
VisualStudioVersion = 17.0.31903.59
MinimumVisualStudioVersion = 10.0.40219.1
Project("{2150E333-8FDC-42A3-9474-1A3956D46DE8}") = "Core", "Core", "{FBF56CC3-7AE6-AD2D-3F14-7F97FD322CD6}"
EndProject
Project("{FAE04EC0-301F-11D3-BF4B-00C04F79EFBC}") = "FantasyDomainManager.Core", "Core\FantasyDomainManager.Core.csproj", "{9CC127B0-438F-4829-B336-FA3B2DA1918A}"
EndProject
Project("{2150E333-8FDC-42A3-9474-1A3956D46DE8}") = "Infrastructure", "Infrastructure", "{DFEE68D8-A7D0-1A41-506C-9B74AA9A7B7B}"
EndProject
Project("{FAE04EC0-301F-11D3-BF4B-00C04F79EFBC}") = "FantasyDomainManager.Infrastructure", "Infrastructure\FantasyDomainManager.Infrastructure.csproj", "{3F1857DF-62F2-4BA3-B7E5-E851B7CC4807}"
EndProject
Project("{2150E333-8FDC-42A3-9474-1A3956D46DE8}") = "Api", "Api", "{D82C56D6-B2CD-F611-9E31-04638F7EC30E}"
EndProject
Project("{FAE04EC0-301F-11D3-BF4B-00C04F79EFBC}") = "FantasyDomainManager.Api", "Api\FantasyDomainManager.Api.csproj", "{6E5DB0D3-8C25-41BF-8F63-DD4675B86340}"
EndProject
Global
	GlobalSection(SolutionConfigurationPlatforms) = preSolution
		Debug|Any CPU = Debug|Any CPU
		Debug|x64 = Debug|x64
		Debug|x86 = Debug|x86
		Release|Any CPU = Release|Any CPU
		Release|x64 = Release|x64
		Release|x86 = Release|x86
	EndGlobalSection
	GlobalSection(ProjectConfigurationPlatforms) = postSolution
		{9CC127B0-438F-4829-B336-FA3B2DA1918A}.Debug|Any CPU.ActiveCfg = Debug|Any CPU
		{9CC127B0-438F-4829-B336-FA3B2DA1918A}.Debug|Any CPU.Build.0 = Debug|Any CPU
		{9CC127B0-438F-4829-B336-FA3B2DA1918A}.Debug|x64.ActiveCfg = Debug|Any CPU
		{9CC127B0-438F-4829-B336-FA3B2DA1918A}.Debug|x64.Build.0 = Debug|Any CPU
		{9CC127B0-438F-4829-B336-FA3B2DA1918A}.Debug|x86.ActiveCfg = Debug|Any CPU
		{9CC127B0-438F-4829-B336-FA3B2DA1918A}.Debug|x86.Build.0 = Debug|Any CPU
		{9CC127B0-438F-4829-B336-FA3B2DA1918A}.Release|Any CPU.ActiveCfg = Release|Any CPU
		{9CC127B0-438F-4829-B336-FA3B2DA1918A}.Release|Any CPU.Build.0 = Release|Any CPU
		{9CC127B0-438F-4829-B336-FA3B2DA1918A}.Release|x64.ActiveCfg = Release|Any CPU
		{9CC127B0-438F-4829-B336-FA3B2DA1918A}.Release|x64.Build.0 = Release|Any CPU
		{9CC127B0-438F-4829-B336-FA3B2DA1918A}.Release|x86.ActiveCfg = Release|Any CPU
		{9CC127B0-438F-4829-B336-FA3B2DA1918A}.Release|x86.Build.0 = Release|Any CPU
		{3F1857DF-62F2-4BA3-B7E5-E851B7CC4807}.Debug|Any CPU.ActiveCfg = Debug|Any CPU
		{3F1857DF-62F2-4BA3-B7E5-E851B7CC4807}.Debug|Any CPU.Build.0 = Debug|Any CPU
		{3F1857DF-62F2-4BA3-B7E5-E851B7CC4807}.Debug|x64.ActiveCfg = Debug|Any CPU
		{3F1857DF-62F2-4BA3-B7E5-E851B7CC4807}.Debug|x64.Build.0 = Debug|Any CPU
		{3F1857DF-62F2-4BA3-B7E5-E851B7CC4807}.Debug|x86.ActiveCfg = Debug|Any CPU
		{3F1857DF-62F2-4BA3-B7E5-E851B7CC4807}.Debug|x86.Build.0 = Debug|Any CPU
		{3F1857DF-62F2-4BA3-B7E5-E851B7CC4807}.Release|Any CPU.ActiveCfg = Release|Any CPU
		{3F1857DF-62F2-4BA3-B7E5-E851B7CC4807}.Release|Any CPU.Build.0 = Release|Any CPU
		{3F1857DF-62F2-4BA3-B7E5-E851B7CC4807}.Release|x64.ActiveCfg = Release|Any CPU
		{3F1857DF-62F2-4BA3-B7E5-E851B7CC4807}.Release|x64.Build.0 = Release|Any CPU
		{3F1857DF-62F2-4BA3-B7E5-E851B7CC4807}.Release|x86.ActiveCfg = Release|Any CPU
		{3F1857DF-62F2-4BA3-B7E5-E851B7CC4807}.Release|x86.Build.0 = Release|Any CPU
		{6E5DB0D3-8C25-41BF-8F63-DD4675B86340}.Debug|Any CPU.ActiveCfg = Debug|Any CPU
		{6E5DB0D3-8C25-41BF-8F63-DD4675B86340}.Debug|Any CPU.Build.0 = Debug|Any CPU
		{6E5DB0D3-8C25-41BF-8F63-DD4675B86340}.Debug|x64.ActiveCfg = Debug|Any CPU
		{6E5DB0D3-8C25-41BF-8F63-DD4675B86340}.Debug|x64.Build.0 = Debug|Any CPU
		{6E5DB0D3-8C25-41BF-8F63-DD4675B86340}.Debug|x86.ActiveCfg = Debug|Any CPU
		{6E5DB0D3-8C25-41BF-8F63-DD4675B86340}.Debug|x86.Build.0 = Debug|Any CPU
		{6E5DB0D3-8C25-41BF-8F63-DD4675B86340}.Release|Any CPU.ActiveCfg = Release|Any CPU
		{6E5DB0D3-8C25-41BF-8F63-DD4675B86340}.Release|Any CPU.Build.0 = Release|Any CPU
		{6E5DB0D3-8C25-41BF-8F63-DD4675B86340}.Release|x64.ActiveCfg = Release|Any CPU
		{6E5DB0D3-8C25-41BF-8F63-DD4675B86340}.Release|x64.Build.0 = Release|Any CPU
		{6E5DB0D3-8C25-41BF-8F63-DD4675B86340}.Release|x86.ActiveCfg = Release|Any CPU
		{6E5DB0D3-8C25-41BF-8F63-DD4675B86340}.Release|x86.Build.0 = Release|Any CPU
	EndGlobalSection
	GlobalSection(SolutionProperties) = preSolution
		HideSolutionNode = FALSE
	EndGlobalSection
	GlobalSection(NestedProjects) = preSolution
		{9CC127B0-438F-4829-B336-FA3B2DA1918A} = {FBF56CC3-7AE6-AD2D-3F14-7F97FD322CD6}
		{3F1857DF-62F2-4BA3-B7E5-E851B7CC4807} = {DFEE68D8-A7D0-1A41-506C-9B74AA9A7B7B}
		{6E5DB0D3-8C25-41BF-8F63-DD4675B86340} = {D82C56D6-B2CD-F611-9E31-04638F7EC30E}
	EndGlobalSection
EndGlobal
